{
  "name": "git-fuzzy-checkout",
  "version": "1.0.0",
  "lockfileVersion": 3,
  "requires": true,
  "packages": {
    "": {
      "name": "git-fuzzy-checkout",
      "version": "1.0.0",
      "license": "BSD-3-Clause",
      "bin": {
        "checkout": "checkout.sh",
        "co": "checkout.sh"
      }
    }
  }
}
